// !$*UTF8*$!
{
	archiveVersion = 1;
	classes = {
	};
	objectVersion = 51;
	objects = {

/* Begin PBXBuildFile section */
		88E4311A4544AFADA53AF046 /* Pods_Movies.framework in Frameworks */ = {isa = PBXBuildFile; fileRef = EA701A43B724C17F9768D413 /* Pods_Movies.framework */; };
		F43980D923E5577800D343C7 /* Results.swift in Sources */ = {isa = PBXBuildFile; fileRef = F43980D823E5577800D343C7 /* Results.swift */; };
		F43980DB23E5580000D343C7 /* Movie.swift in Sources */ = {isa = PBXBuildFile; fileRef = F43980DA23E5580000D343C7 /* Movie.swift */; };
		F43980DE23E5597700D343C7 /* API.swift in Sources */ = {isa = PBXBuildFile; fileRef = F43980DD23E5597700D343C7 /* API.swift */; };
		F45E555E23E56A7000A38145 /* MovieCollectionViewCell.swift in Sources */ = {isa = PBXBuildFile; fileRef = F45E555D23E56A7000A38145 /* MovieCollectionViewCell.swift */; };
		F4DF217923E552C100931419 /* AppDelegate.swift in Sources */ = {isa = PBXBuildFile; fileRef = F4DF217823E552C100931419 /* AppDelegate.swift */; };
		F4DF217B23E552C100931419 /* SceneDelegate.swift in Sources */ = {isa = PBXBuildFile; fileRef = F4DF217A23E552C100931419 /* SceneDelegate.swift */; };
		F4DF217D23E552C100931419 /* PopularMoviesVC.swift in Sources */ = {isa = PBXBuildFile; fileRef = F4DF217C23E552C100931419 /* PopularMoviesVC.swift */; };
		F4DF218023E552C100931419 /* Main.storyboard in Resources */ = {isa = PBXBuildFile; fileRef = F4DF217E23E552C100931419 /* Main.storyboard */; };
		F4DF218223E552C300931419 /* Assets.xcassets in Resources */ = {isa = PBXBuildFile; fileRef = F4DF218123E552C300931419 /* Assets.xcassets */; };
		F4DF218523E552C300931419 /* LaunchScreen.storyboard in Resources */ = {isa = PBXBuildFile; fileRef = F4DF218323E552C300931419 /* LaunchScreen.storyboard */; };
/* End PBXBuildFile section */

/* Begin PBXFileReference section */
		7F6D95C02C2AE10EB60D13BE /* Pods-Movies.debug.xcconfig */ = {isa = PBXFileReference; includeInIndex = 1; lastKnownFileType = text.xcconfig; name = "Pods-Movies.debug.xcconfig"; path = "Target Support Files/Pods-Movies/Pods-Movies.debug.xcconfig"; sourceTree = "<group>"; };
		8774B86B3C7642D15033DCA9 /* Pods-Movies.release.xcconfig */ = {isa = PBXFileReference; includeInIndex = 1; lastKnownFileType = text.xcconfig; name = "Pods-Movies.release.xcconfig"; path = "Target Support Files/Pods-Movies/Pods-Movies.release.xcconfig"; sourceTree = "<group>"; };
		EA701A43B724C17F9768D413 /* Pods_Movies.framework */ = {isa = PBXFileReference; explicitFileType = wrapper.framework; includeInIndex = 0; path = Pods_Movies.framework; sourceTree = BUILT_PRODUCTS_DIR; };
		F43980D823E5577800D343C7 /* Results.swift */ = {isa = PBXFileReference; lastKnownFileType = sourcecode.swift; path = Results.swift; sourceTree = "<group>"; };
		F43980DA23E5580000D343C7 /* Movie.swift */ = {isa = PBXFileReference; lastKnownFileType = sourcecode.swift; path = Movie.swift; sourceTree = "<group>"; };
		F43980DD23E5597700D343C7 /* API.swift */ = {isa = PBXFileReference; lastKnownFileType = sourcecode.swift; path = API.swift; sourceTree = "<group>"; };
		F45E555D23E56A7000A38145 /* MovieCollectionViewCell.swift */ = {isa = PBXFileReference; lastKnownFileType = sourcecode.swift; path = MovieCollectionViewCell.swift; sourceTree = "<group>"; };
		F4DF217523E552C100931419 /* Movies.app */ = {isa = PBXFileReference; explicitFileType = wrapper.application; includeInIndex = 0; path = Movies.app; sourceTree = BUILT_PRODUCTS_DIR; };
		F4DF217823E552C100931419 /* AppDelegate.swift */ = {isa = PBXFileReference; lastKnownFileType = sourcecode.swift; path = AppDelegate.swift; sourceTree = "<group>"; };
		F4DF217A23E552C100931419 /* SceneDelegate.swift */ = {isa = PBXFileReference; lastKnownFileType = sourcecode.swift; path = SceneDelegate.swift; sourceTree = "<group>"; };
		F4DF217C23E552C100931419 /* PopularMoviesVC.swift */ = {isa = PBXFileReference; lastKnownFileType = sourcecode.swift; path = PopularMoviesVC.swift; sourceTree = "<group>"; };
		F4DF217F23E552C100931419 /* Base */ = {isa = PBXFileReference; lastKnownFileType = file.storyboard; name = Base; path = Base.lproj/Main.storyboard; sourceTree = "<group>"; };
		F4DF218123E552C300931419 /* Assets.xcassets */ = {isa = PBXFileReference; lastKnownFileType = folder.assetcatalog; path = Assets.xcassets; sourceTree = "<group>"; };
		F4DF218423E552C300931419 /* Base */ = {isa = PBXFileReference; lastKnownFileType = file.storyboard; name = Base; path = Base.lproj/LaunchScreen.storyboard; sourceTree = "<group>"; };
		F4DF218623E552C300931419 /* Info.plist */ = {isa = PBXFileReference; lastKnownFileType = text.plist.xml; path = Info.plist; sourceTree = "<group>"; };
/* End PBXFileReference section */

/* Begin PBXFrameworksBuildPhase section */
		F4DF217223E552C100931419 /* Frameworks */ = {
			isa = PBXFrameworksBuildPhase;
			buildActionMask = 2147483647;
			files = (
				88E4311A4544AFADA53AF046 /* Pods_Movies.framework in Frameworks */,
			);
			runOnlyForDeploymentPostprocessing = 0;
		};
/* End PBXFrameworksBuildPhase section */

/* Begin PBXGroup section */
		97F14F92E005382520D307B5 /* Pods */ = {
			isa = PBXGroup;
			children = (
				7F6D95C02C2AE10EB60D13BE /* Pods-Movies.debug.xcconfig */,
				8774B86B3C7642D15033DCA9 /* Pods-Movies.release.xcconfig */,
			);
			path = Pods;
			sourceTree = "<group>";
		};
		D19DB7E7F4471C7260679E42 /* Frameworks */ = {
			isa = PBXGroup;
			children = (
				EA701A43B724C17F9768D413 /* Pods_Movies.framework */,
			);
			name = Frameworks;
			sourceTree = "<group>";
		};
		F43980D523E5573600D343C7 /* Model */ = {
			isa = PBXGroup;
			children = (
				F43980D823E5577800D343C7 /* Results.swift */,
				F43980DA23E5580000D343C7 /* Movie.swift */,
			);
			path = Model;
			sourceTree = "<group>";
		};
		F43980D623E5574200D343C7 /* View */ = {
			isa = PBXGroup;
			children = (
				F45E555D23E56A7000A38145 /* MovieCollectionViewCell.swift */,
			);
			path = View;
			sourceTree = "<group>";
		};
		F43980D723E5574800D343C7 /* Controller */ = {
			isa = PBXGroup;
			children = (
				F4DF217C23E552C100931419 /* PopularMoviesVC.swift */,
			);
			path = Controller;
			sourceTree = "<group>";
		};
		F43980DC23E5596C00D343C7 /* API */ = {
			isa = PBXGroup;
			children = (
				F43980DD23E5597700D343C7 /* API.swift */,
			);
			path = API;
			sourceTree = "<group>";
		};
		F4DF216C23E552C100931419 = {
			isa = PBXGroup;
			children = (
				F4DF217723E552C100931419 /* Movies */,
				F4DF217623E552C100931419 /* Products */,
				97F14F92E005382520D307B5 /* Pods */,
				D19DB7E7F4471C7260679E42 /* Frameworks */,
			);
			sourceTree = "<group>";
		};
		F4DF217623E552C100931419 /* Products */ = {
			isa = PBXGroup;
			children = (
				F4DF217523E552C100931419 /* Movies.app */,
			);
			name = Products;
			sourceTree = "<group>";
		};
		F4DF217723E552C100931419 /* Movies */ = {
			isa = PBXGroup;
			children = (
				F43980DC23E5596C00D343C7 /* API */,
				F43980D723E5574800D343C7 /* Controller */,
				F43980D623E5574200D343C7 /* View */,
				F43980D523E5573600D343C7 /* Model */,
				F4DF217823E552C100931419 /* AppDelegate.swift */,
				F4DF217A23E552C100931419 /* SceneDelegate.swift */,
				F4DF217E23E552C100931419 /* Main.storyboard */,
				F4DF218123E552C300931419 /* Assets.xcassets */,
				F4DF218323E552C300931419 /* LaunchScreen.storyboard */,
				F4DF218623E552C300931419 /* Info.plist */,
			);
			path = Movies;
			sourceTree = "<group>";
		};
/* End PBXGroup section */

/* Begin PBXNativeTarget section */
		F4DF217423E552C100931419 /* Movies */ = {
			isa = PBXNativeTarget;
			buildConfigurationList = F4DF218923E552C300931419 /* Build configuration list for PBXNativeTarget "Movies" */;
			buildPhases = (
				83506031068BBF5B566C1EC7 /* [CP] Check Pods Manifest.lock */,
				F4DF217123E552C100931419 /* Sources */,
				F4DF217223E552C100931419 /* Frameworks */,
				F4DF217323E552C100931419 /* Resources */,
				9AE976E681627F6F77CF1859 /* [CP] Embed Pods Frameworks */,
			);
			buildRules = (
			);
			dependencies = (
			);
			name = Movies;
			productName = Movies;
			productReference = F4DF217523E552C100931419 /* Movies.app */;
			productType = "com.apple.product-type.application";
		};
/* End PBXNativeTarget section */

/* Begin PBXProject section */
		F4DF216D23E552C100931419 /* Project object */ = {
			isa = PBXProject;
			attributes = {
				LastSwiftUpdateCheck = 1130;
				LastUpgradeCheck = 1130;
				ORGANIZATIONNAME = " Алексей Черебаев";
				TargetAttributes = {
					F4DF217423E552C100931419 = {
						CreatedOnToolsVersion = 11.3;
					};
				};
			};
			buildConfigurationList = F4DF217023E552C100931419 /* Build configuration list for PBXProject "Movies" */;
			compatibilityVersion = "Xcode 9.3";
			developmentRegion = en;
			hasScannedForEncodings = 0;
			knownRegions = (
				en,
				Base,
			);
			mainGroup = F4DF216C23E552C100931419;
			productRefGroup = F4DF217623E552C100931419 /* Products */;
			projectDirPath = "";
			projectRoot = "";
			targets = (
				F4DF217423E552C100931419 /* Movies */,
			);
		};
/* End PBXProject section */

/* Begin PBXResourcesBuildPhase section */
		F4DF217323E552C100931419 /* Resources */ = {
			isa = PBXResourcesBuildPhase;
			buildActionMask = 2147483647;
			files = (
				F4DF218523E552C300931419 /* LaunchScreen.storyboard in Resources */,
				F4DF218223E552C300931419 /* Assets.xcassets in Resources */,
				F4DF218023E552C100931419 /* Main.storyboard in Resources */,
			);
			runOnlyForDeploymentPostprocessing = 0;
		};
/* End PBXResourcesBuildPhase section */

/* Begin PBXShellScriptBuildPhase section */
		83506031068BBF5B566C1EC7 /* [CP] Check Pods Manifest.lock */ = {
			isa = PBXShellScriptBuildPhase;
			buildActionMask = 2147483647;
			files = (
			);
			inputFileListPaths = (
			);
			inputPaths = (
				"${PODS_PODFILE_DIR_PATH}/Podfile.lock",
				"${PODS_ROOT}/Manifest.lock",
			);
			name = "[CP] Check Pods Manifest.lock";
			outputFileListPaths = (
			);
			outputPaths = (
				"$(DERIVED_FILE_DIR)/Pods-Movies-checkManifestLockResult.txt",
			);
			runOnlyForDeploymentPostprocessing = 0;
			shellPath = /bin/sh;
			shellScript = "diff \"${PODS_PODFILE_DIR_PATH}/Podfile.lock\" \"${PODS_ROOT}/Manifest.lock\" > /dev/null\nif [ $? != 0 ] ; then\n    # print error to STDERR\n    echo \"error: The sandbox is not in sync with the Podfile.lock. Run 'pod install' or update your CocoaPods installation.\" >&2\n    exit 1\nfi\n# This output is used by Xcode 'outputs' to avoid re-running this script phase.\necho \"SUCCESS\" > \"${SCRIPT_OUTPUT_FILE_0}\"\n";
			showEnvVarsInLog = 0;
		};
		9AE976E681627F6F77CF1859 /* [CP] Embed Pods Frameworks */ = {
			isa = PBXShellScriptBuildPhase;
			buildActionMask = 2147483647;
			files = (
			);
			inputFileListPaths = (
				"${PODS_ROOT}/Target Support Files/Pods-Movies/Pods-Movies-frameworks-${CONFIGURATION}-input-files.xcfilelist",
			);
			name = "[CP] Embed Pods Frameworks";
			outputFileListPaths = (
				"${PODS_ROOT}/Target Support Files/Pods-Movies/Pods-Movies-frameworks-${CONFIGURATION}-output-files.xcfilelist",
			);
			runOnlyForDeploymentPostprocessing = 0;
			shellPath = /bin/sh;
			shellScript = "\"${PODS_ROOT}/Target Support Files/Pods-Movies/Pods-Movies-frameworks.sh\"\n";
			showEnvVarsInLog = 0;
		};
/* End PBXShellScriptBuildPhase section */

/* Begin PBXSourcesBuildPhase section */
		F4DF217123E552C100931419 /* Sources */ = {
			isa = PBXSourcesBuildPhase;
			buildActionMask = 2147483647;
			files = (
				F43980DB23E5580000D343C7 /* Movie.swift in Sources */,
				F4DF217D23E552C100931419 /* PopularMoviesVC.swift in Sources */,
				F4DF217923E552C100931419 /* AppDelegate.swift in Sources */,
				F43980D923E5577800D343C7 /* Results.swift in Sources */,
				F45E555E23E56A7000A38145 /* MovieCollectionViewCell.swift in Sources */,
				F43980DE23E5597700D343C7 /* API.swift in Sources */,
				F4DF217B23E552C100931419 /* SceneDelegate.swift in Sources */,
			);
			runOnlyForDeploymentPostprocessing = 0;
		};
/* End PBXSourcesBuildPhase section */

/* Begin PBXVariantGroup section */
		F4DF217E23E552C100931419 /* Main.storyboard */ = {
			isa = PBXVariantGroup;
			children = (
				F4DF217F23E552C100931419 /* Base */,
			);
			name = Main.storyboard;
			sourceTree = "<group>";
		};
		F4DF218323E552C300931419 /* LaunchScreen.storyboard */ = {
			isa = PBXVariantGroup;
			children = (
				F4DF218423E552C300931419 /* Base */,
			);
			name = LaunchScreen.storyboard;
			sourceTree = "<group>";
		};
/* End PBXVariantGroup section */

/* Begin XCBuildConfiguration section */
		F4DF218723E552C300931419 /* Debug */ = {
			isa = XCBuildConfiguration;
			buildSettings = {
				ALWAYS_SEARCH_USER_PATHS = NO;
				CLANG_ANALYZER_NONNULL = YES;
				CLANG_ANALYZER_NUMBER_OBJECT_CONVERSION = YES_AGGRESSIVE;
				CLANG_CXX_LANGUAGE_STANDARD = "gnu++14";
				CLANG_CXX_LIBRARY = "libc++";
				CLANG_ENABLE_MODULES = YES;
				CLANG_ENABLE_OBJC_ARC = YES;
				CLANG_ENABLE_OBJC_WEAK = YES;
				CLANG_WARN_BLOCK_CAPTURE_AUTORELEASING = YES;
				CLANG_WARN_BOOL_CONVERSION = YES;
				CLANG_WARN_COMMA = YES;
				CLANG_WARN_CONSTANT_CONVERSION = YES;
				CLANG_WARN_DEPRECATED_OBJC_IMPLEMENTATIONS = YES;
				CLANG_WARN_DIRECT_OBJC_ISA_USAGE = YES_ERROR;
				CLANG_WARN_DOCUMENTATION_COMMENTS = YES;
				CLANG_WARN_EMPTY_BODY = YES;
				CLANG_WARN_ENUM_CONVERSION = YES;
				CLANG_WARN_INFINITE_RECURSION = YES;
				CLANG_WARN_INT_CONVERSION = YES;
				CLANG_WARN_NON_LITERAL_NULL_CONVERSION = YES;
				CLANG_WARN_OBJC_IMPLICIT_RETAIN_SELF = YES;
				CLANG_WARN_OBJC_LITERAL_CONVERSION = YES;
				CLANG_WARN_OBJC_ROOT_CLASS = YES_ERROR;
				CLANG_WARN_RANGE_LOOP_ANALYSIS = YES;
				CLANG_WARN_STRICT_PROTOTYPES = YES;
				CLANG_WARN_SUSPICIOUS_MOVE = YES;
				CLANG_WARN_UNGUARDED_AVAILABILITY = YES_AGGRESSIVE;
				CLANG_WARN_UNREACHABLE_CODE = YES;
				CLANG_WARN__DUPLICATE_METHOD_MATCH = YES;
				COPY_PHASE_STRIP = NO;
				DEBUG_INFORMATION_FORMAT = dwarf;
				ENABLE_STRICT_OBJC_MSGSEND = YES;
				ENABLE_TESTABILITY = YES;
				GCC_C_LANGUAGE_STANDARD = gnu11;
				GCC_DYNAMIC_NO_PIC = NO;
				GCC_NO_COMMON_BLOCKS = YES;
				GCC_OPTIMIZATION_LEVEL = 0;
				GCC_PREPROCESSOR_DEFINITIONS = (
					"DEBUG=1",
					"$(inherited)",
				);
				GCC_WARN_64_TO_32_BIT_CONVERSION = YES;
				GCC_WARN_ABOUT_RETURN_TYPE = YES_ERROR;
				GCC_WARN_UNDECLARED_SELECTOR = YES;
				GCC_WARN_UNINITIALIZED_AUTOS = YES_AGGRESSIVE;
				GCC_WARN_UNUSED_FUNCTION = YES;
				GCC_WARN_UNUSED_VARIABLE = YES;
				IPHONEOS_DEPLOYMENT_TARGET = 13.2;
				MTL_ENABLE_DEBUG_INFO = INCLUDE_SOURCE;
				MTL_FAST_MATH = YES;
				ONLY_ACTIVE_ARCH = YES;
				SDKROOT = iphoneos;
				SWIFT_ACTIVE_COMPILATION_CONDITIONS = DEBUG;
				SWIFT_OPTIMIZATION_LEVEL = "-Onone";
			};
			name = Debug;
		};
		F4DF218823E552C300931419 /* Release */ = {
			isa = XCBuildConfiguration;
			buildSettings = {
				ALWAYS_SEARCH_USER_PATHS = NO;
				CLANG_ANALYZER_NONNULL = YES;
				CLANG_ANALYZER_NUMBER_OBJECT_CONVERSION = YES_AGGRESSIVE;
				CLANG_CXX_LANGUAGE_STANDARD = "gnu++14";
				CLANG_CXX_LIBRARY = "libc++";
				CLANG_ENABLE_MODULES = YES;
				CLANG_ENABLE_OBJC_ARC = YES;
				CLANG_ENABLE_OBJC_WEAK = YES;
				CLANG_WARN_BLOCK_CAPTURE_AUTORELEASING = YES;
				CLANG_WARN_BOOL_CONVERSION = YES;
				CLANG_WARN_COMMA = YES;
				CLANG_WARN_CONSTANT_CONVERSION = YES;
				CLANG_WARN_DEPRECATED_OBJC_IMPLEMENTATIONS = YES;
				CLANG_WARN_DIRECT_OBJC_ISA_USAGE = YES_ERROR;
				CLANG_WARN_DOCUMENTATION_COMMENTS = YES;
				CLANG_WARN_EMPTY_BODY = YES;
				CLANG_WARN_ENUM_CONVERSION = YES;
				CLANG_WARN_INFINITE_RECURSION = YES;
				CLANG_WARN_INT_CONVERSION = YES;
				CLANG_WARN_NON_LITERAL_NULL_CONVERSION = YES;
				CLANG_WARN_OBJC_IMPLICIT_RETAIN_SELF = YES;
				CLANG_WARN_OBJC_LITERAL_CONVERSION = YES;
				CLANG_WARN_OBJC_ROOT_CLASS = YES_ERROR;
				CLANG_WARN_RANGE_LOOP_ANALYSIS = YES;
				CLANG_WARN_STRICT_PROTOTYPES = YES;
				CLANG_WARN_SUSPICIOUS_MOVE = YES;
				CLANG_WARN_UNGUARDED_AVAILABILITY = YES_AGGRESSIVE;
				CLANG_WARN_UNREACHABLE_CODE = YES;
				CLANG_WARN__DUPLICATE_METHOD_MATCH = YES;
				COPY_PHASE_STRIP = NO;
				DEBUG_INFORMATION_FORMAT = "dwarf-with-dsym";
				ENABLE_NS_ASSERTIONS = NO;
				ENABLE_STRICT_OBJC_MSGSEND = YES;
				GCC_C_LANGUAGE_STANDARD = gnu11;
				GCC_NO_COMMON_BLOCKS = YES;
				GCC_WARN_64_TO_32_BIT_CONVERSION = YES;
				GCC_WARN_ABOUT_RETURN_TYPE = YES_ERROR;
				GCC_WARN_UNDECLARED_SELECTOR = YES;
				GCC_WARN_UNINITIALIZED_AUTOS = YES_AGGRESSIVE;
				GCC_WARN_UNUSED_FUNCTION = YES;
				GCC_WARN_UNUSED_VARIABLE = YES;
				IPHONEOS_DEPLOYMENT_TARGET = 13.2;
				MTL_ENABLE_DEBUG_INFO = NO;
				MTL_FAST_MATH = YES;
				SDKROOT = iphoneos;
				SWIFT_COMPILATION_MODE = wholemodule;
				SWIFT_OPTIMIZATION_LEVEL = "-O";
				VALIDATE_PRODUCT = YES;
			};
			name = Release;
		};
		F4DF218A23E552C300931419 /* Debug */ = {
			isa = XCBuildConfiguration;
			baseConfigurationReference = 7F6D95C02C2AE10EB60D13BE /* Pods-Movies.debug.xcconfig */;
			buildSettings = {
				ASSETCATALOG_COMPILER_APPICON_NAME = AppIcon;
				CODE_SIGN_STYLE = Automatic;
				DEVELOPMENT_TEAM = 4EE9JPLE3R;
				INFOPLIST_FILE = Movies/Info.plist;
				LD_RUNPATH_SEARCH_PATHS = (
					"$(inherited)",
					"@executable_path/Frameworks",
				);
				PRODUCT_BUNDLE_IDENTIFIER = kz.home.Movies;
				PRODUCT_NAME = "$(TARGET_NAME)";
				SWIFT_VERSION = 5.0;
				TARGETED_DEVICE_FAMILY = 1;
			};
			name = Debug;
		};
		F4DF218B23E552C300931419 /* Release */ = {
			isa = XCBuildConfiguration;
			baseConfigurationReference = 8774B86B3C7642D15033DCA9 /* Pods-Movies.release.xcconfig */;
			buildSettings = {
				ASSETCATALOG_COMPILER_APPICON_NAME = AppIcon;
				CODE_SIGN_STYLE = Automatic;
				DEVELOPMENT_TEAM = 4EE9JPLE3R;
				INFOPLIST_FILE = Movies/Info.plist;
				LD_RUNPATH_SEARCH_PATHS = (
					"$(inherited)",
					"@executable_path/Frameworks",
				);
				PRODUCT_BUNDLE_IDENTIFIER = kz.home.Movies;
				PRODUCT_NAME = "$(TARGET_NAME)";
				SWIFT_VERSION = 5.0;
				TARGETED_DEVICE_FAMILY = 1;
			};
			name = Release;
		};
/* End XCBuildConfiguration section */

/* Begin XCConfigurationList section */
		F4DF217023E552C100931419 /* Build configuration list for PBXProject "Movies" */ = {
			isa = XCConfigurationList;
			buildConfigurations = (
				F4DF218723E552C300931419 /* Debug */,
				F4DF218823E552C300931419 /* Release */,
			);
			defaultConfigurationIsVisible = 0;
			defaultConfigurationName = Release;
		};
		F4DF218923E552C300931419 /* Build configuration list for PBXNativeTarget "Movies" */ = {
			isa = XCConfigurationList;
			buildConfigurations = (
				F4DF218A23E552C300931419 /* Debug */,
				F4DF218B23E552C300931419 /* Release */,
			);
			defaultConfigurationIsVisible = 0;
			defaultConfigurationName = Release;
		};
/* End XCConfigurationList section */
	};
	rootObject = F4DF216D23E552C100931419 /* Project object */;
}
